// !$*UTF8*$!
{
	archiveVersion = 1;
	classes = {
	};
	objectVersion = 46;
	objects = {

/* Begin PBXBuildFile section */
		1414869D1CA0730A00116583 /* task_old.png in Resources */ = {isa = PBXBuildFile; fileRef = 1414869C1CA0730A00116583 /* task_old.png */; };
		1462CECB1C99F77E00105E8E /* AppDelegate.swift in Sources */ = {isa = PBXBuildFile; fileRef = 1462CECA1C99F77E00105E8E /* AppDelegate.swift */; };
		1462CED01C99F77E00105E8E /* Main.storyboard in Resources */ = {isa = PBXBuildFile; fileRef = 1462CECE1C99F77E00105E8E /* Main.storyboard */; };
		1462CED21C99F77E00105E8E /* Assets.xcassets in Resources */ = {isa = PBXBuildFile; fileRef = 1462CED11C99F77E00105E8E /* Assets.xcassets */; };
		1462CEDD1C99F7AC00105E8E /* Task.swift in Sources */ = {isa = PBXBuildFile; fileRef = 1462CEDC1C99F7AC00105E8E /* Task.swift */; };
		1462CEDF1C99FC9500105E8E /* TasksViewController.swift in Sources */ = {isa = PBXBuildFile; fileRef = 1462CEDE1C99FC9500105E8E /* TasksViewController.swift */; };
		1462CEE11C9B340700105E8E /* DataReceiver.swift in Sources */ = {isa = PBXBuildFile; fileRef = 1462CEE01C9B340700105E8E /* DataReceiver.swift */; };
		1462CEE41C9B357900105E8E /* MemoryDataReceiver.swift in Sources */ = {isa = PBXBuildFile; fileRef = 1462CEE31C9B357900105E8E /* MemoryDataReceiver.swift */; };
		1463DE7C1CA05DD3004B036A /* task_new.png in Resources */ = {isa = PBXBuildFile; fileRef = 1463DE7B1CA05DD3004B036A /* task_new.png */; };
		14936A7E1C9F1943002A692B /* TaskViewCell.swift in Sources */ = {isa = PBXBuildFile; fileRef = 14936A7D1C9F1943002A692B /* TaskViewCell.swift */; };
/* End PBXBuildFile section */

/* Begin PBXFileReference section */
		1414869C1CA0730A00116583 /* task_old.png */ = {isa = PBXFileReference; lastKnownFileType = image.png; path = task_old.png; sourceTree = "<group>"; };
		1462CEC71C99F77E00105E8E /* Task Manager.app */ = {isa = PBXFileReference; explicitFileType = wrapper.application; includeInIndex = 0; path = "Task Manager.app"; sourceTree = BUILT_PRODUCTS_DIR; };
		1462CECA1C99F77E00105E8E /* AppDelegate.swift */ = {isa = PBXFileReference; lastKnownFileType = sourcecode.swift; path = AppDelegate.swift; sourceTree = "<group>"; };
		1462CECF1C99F77E00105E8E /* Base */ = {isa = PBXFileReference; lastKnownFileType = file.storyboard; name = Base; path = Base.lproj/Main.storyboard; sourceTree = "<group>"; };
		1462CED11C99F77E00105E8E /* Assets.xcassets */ = {isa = PBXFileReference; lastKnownFileType = folder.assetcatalog; path = Assets.xcassets; sourceTree = "<group>"; };
		1462CED61C99F77E00105E8E /* Info.plist */ = {isa = PBXFileReference; lastKnownFileType = text.plist.xml; path = Info.plist; sourceTree = "<group>"; };
		1462CEDC1C99F7AC00105E8E /* Task.swift */ = {isa = PBXFileReference; fileEncoding = 4; lastKnownFileType = sourcecode.swift; path = Task.swift; sourceTree = "<group>"; };
		1462CEDE1C99FC9500105E8E /* TasksViewController.swift */ = {isa = PBXFileReference; fileEncoding = 4; lastKnownFileType = sourcecode.swift; path = TasksViewController.swift; sourceTree = "<group>"; };
		1462CEE01C9B340700105E8E /* DataReceiver.swift */ = {isa = PBXFileReference; fileEncoding = 4; lastKnownFileType = sourcecode.swift; path = DataReceiver.swift; sourceTree = "<group>"; };
		1462CEE31C9B357900105E8E /* MemoryDataReceiver.swift */ = {isa = PBXFileReference; fileEncoding = 4; lastKnownFileType = sourcecode.swift; path = MemoryDataReceiver.swift; sourceTree = "<group>"; };
		1463DE7B1CA05DD3004B036A /* task_new.png */ = {isa = PBXFileReference; lastKnownFileType = image.png; path = task_new.png; sourceTree = "<group>"; };
		14936A7D1C9F1943002A692B /* TaskViewCell.swift */ = {isa = PBXFileReference; fileEncoding = 4; lastKnownFileType = sourcecode.swift; path = TaskViewCell.swift; sourceTree = "<group>"; };
/* End PBXFileReference section */

/* Begin PBXFrameworksBuildPhase section */
		1462CEC41C99F77E00105E8E /* Frameworks */ = {
			isa = PBXFrameworksBuildPhase;
			buildActionMask = 2147483647;
			files = (
			);
			runOnlyForDeploymentPostprocessing = 0;
		};
/* End PBXFrameworksBuildPhase section */

/* Begin PBXGroup section */
		1462CEBE1C99F77E00105E8E = {
			isa = PBXGroup;
			children = (
				1462CEC91C99F77E00105E8E /* Task Manager */,
				1462CEC81C99F77E00105E8E /* Products */,
			);
			sourceTree = "<group>";
		};
		1462CEC81C99F77E00105E8E /* Products */ = {
			isa = PBXGroup;
			children = (
				1462CEC71C99F77E00105E8E /* Task Manager.app */,
			);
			name = Products;
			sourceTree = "<group>";
		};
		1462CEC91C99F77E00105E8E /* Task Manager */ = {
			isa = PBXGroup;
			children = (
				1463DE7A1CA05D12004B036A /* img */,
				1462CEE21C9B352800105E8E /* data */,
				1462CECA1C99F77E00105E8E /* AppDelegate.swift */,
				1462CECE1C99F77E00105E8E /* Main.storyboard */,
				1462CED11C99F77E00105E8E /* Assets.xcassets */,
				1462CED61C99F77E00105E8E /* Info.plist */,
				1462CEDE1C99FC9500105E8E /* TasksViewController.swift */,
				14936A7D1C9F1943002A692B /* TaskViewCell.swift */,
			);
			path = "Task Manager";
			sourceTree = "<group>";
		};
		1462CEE21C9B352800105E8E /* data */ = {
			isa = PBXGroup;
			children = (
				1462CEE01C9B340700105E8E /* DataReceiver.swift */,
				1462CEDC1C99F7AC00105E8E /* Task.swift */,
				1462CEE31C9B357900105E8E /* MemoryDataReceiver.swift */,
			);
			name = data;
			sourceTree = "<group>";
		};
		1463DE7A1CA05D12004B036A /* img */ = {
			isa = PBXGroup;
			children = (
				1414869C1CA0730A00116583 /* task_old.png */,
				1463DE7B1CA05DD3004B036A /* task_new.png */,
			);
			path = img;
			sourceTree = "<group>";
		};
/* End PBXGroup section */

/* Begin PBXNativeTarget section */
		1462CEC61C99F77E00105E8E /* Task Manager */ = {
			isa = PBXNativeTarget;
			buildConfigurationList = 1462CED91C99F77E00105E8E /* Build configuration list for PBXNativeTarget "Task Manager" */;
			buildPhases = (
				1462CEC31C99F77E00105E8E /* Sources */,
				1462CEC41C99F77E00105E8E /* Frameworks */,
				1462CEC51C99F77E00105E8E /* Resources */,
			);
			buildRules = (
			);
			dependencies = (
			);
			name = "Task Manager";
			productName = "Task Manager";
			productReference = 1462CEC71C99F77E00105E8E /* Task Manager.app */;
			productType = "com.apple.product-type.application";
		};
/* End PBXNativeTarget section */

/* Begin PBXProject section */
		1462CEBF1C99F77E00105E8E /* Project object */ = {
			isa = PBXProject;
			attributes = {
				LastSwiftUpdateCheck = 0730;
				LastUpgradeCheck = 0730;
				ORGANIZATIONNAME = "Ghenadie Munteanu";
				TargetAttributes = {
					1462CEC61C99F77E00105E8E = {
						CreatedOnToolsVersion = 7.3;
						DevelopmentTeam = 6HU6Y6YT7X;
					};
				};
			};
			buildConfigurationList = 1462CEC21C99F77E00105E8E /* Build configuration list for PBXProject "Task Manager" */;
			compatibilityVersion = "Xcode 3.2";
			developmentRegion = English;
			hasScannedForEncodings = 0;
			knownRegions = (
				en,
				Base,
			);
			mainGroup = 1462CEBE1C99F77E00105E8E;
			productRefGroup = 1462CEC81C99F77E00105E8E /* Products */;
			projectDirPath = "";
			projectRoot = "";
			targets = (
				1462CEC61C99F77E00105E8E /* Task Manager */,
			);
		};
/* End PBXProject section */

/* Begin PBXResourcesBuildPhase section */
		1462CEC51C99F77E00105E8E /* Resources */ = {
			isa = PBXResourcesBuildPhase;
			buildActionMask = 2147483647;
			files = (
				1414869D1CA0730A00116583 /* task_old.png in Resources */,
				1463DE7C1CA05DD3004B036A /* task_new.png in Resources */,
				1462CED21C99F77E00105E8E /* Assets.xcassets in Resources */,
				1462CED01C99F77E00105E8E /* Main.storyboard in Resources */,
			);
			runOnlyForDeploymentPostprocessing = 0;
		};
/* End PBXResourcesBuildPhase section */

/* Begin PBXSourcesBuildPhase section */
		1462CEC31C99F77E00105E8E /* Sources */ = {
			isa = PBXSourcesBuildPhase;
			buildActionMask = 2147483647;
			files = (
				1462CEE11C9B340700105E8E /* DataReceiver.swift in Sources */,
				1462CEE41C9B357900105E8E /* MemoryDataReceiver.swift in Sources */,
				1462CEDF1C99FC9500105E8E /* TasksViewController.swift in Sources */,
				1462CEDD1C99F7AC00105E8E /* Task.swift in Sources */,
				14936A7E1C9F1943002A692B /* TaskViewCell.swift in Sources */,
				1462CECB1C99F77E00105E8E /* AppDelegate.swift in Sources */,
			);
			runOnlyForDeploymentPostprocessing = 0;
		};
/* End PBXSourcesBuildPhase section */

/* Begin PBXVariantGroup section */
		1462CECE1C99F77E00105E8E /* Main.storyboard */ = {
			isa = PBXVariantGroup;
			children = (
				1462CECF1C99F77E00105E8E /* Base */,
			);
			name = Main.storyboard;
			sourceTree = "<group>";
		};
/* End PBXVariantGroup section */

/* Begin XCBuildConfiguration section */
		1462CED71C99F77E00105E8E /* Debug */ = {
			isa = XCBuildConfiguration;
			buildSettings = {
				ALWAYS_SEARCH_USER_PATHS = NO;
				CLANG_ANALYZER_NONNULL = YES;
				CLANG_CXX_LANGUAGE_STANDARD = "gnu++0x";
				CLANG_CXX_LIBRARY = "libc++";
				CLANG_ENABLE_MODULES = YES;
				CLANG_ENABLE_OBJC_ARC = YES;
				CLANG_WARN_BOOL_CONVERSION = YES;
				CLANG_WARN_CONSTANT_CONVERSION = YES;
				CLANG_WARN_DIRECT_OBJC_ISA_USAGE = YES_ERROR;
				CLANG_WARN_EMPTY_BODY = YES;
				CLANG_WARN_ENUM_CONVERSION = YES;
				CLANG_WARN_INT_CONVERSION = YES;
				CLANG_WARN_OBJC_ROOT_CLASS = YES_ERROR;
				CLANG_WARN_UNREACHABLE_CODE = YES;
				CLANG_WARN__DUPLICATE_METHOD_MATCH = YES;
				"CODE_SIGN_IDENTITY[sdk=iphoneos*]" = "iPhone Developer";
				COPY_PHASE_STRIP = NO;
				DEBUG_INFORMATION_FORMAT = dwarf;
				ENABLE_STRICT_OBJC_MSGSEND = YES;
				ENABLE_TESTABILITY = YES;
				GCC_C_LANGUAGE_STANDARD = gnu99;
				GCC_DYNAMIC_NO_PIC = NO;
				GCC_NO_COMMON_BLOCKS = YES;
				GCC_OPTIMIZATION_LEVEL = 0;
				GCC_PREPROCESSOR_DEFINITIONS = (
					"DEBUG=1",
					"$(inherited)",
				);
				GCC_WARN_64_TO_32_BIT_CONVERSION = YES;
				GCC_WARN_ABOUT_RETURN_TYPE = YES_ERROR;
				GCC_WARN_UNDECLARED_SELECTOR = YES;
				GCC_WARN_UNINITIALIZED_AUTOS = YES_AGGRESSIVE;
				GCC_WARN_UNUSED_FUNCTION = YES;
				GCC_WARN_UNUSED_VARIABLE = YES;
				IPHONEOS_DEPLOYMENT_TARGET = 9.3;
				MTL_ENABLE_DEBUG_INFO = YES;
				ONLY_ACTIVE_ARCH = YES;
				SDKROOT = iphoneos;
				SWIFT_OPTIMIZATION_LEVEL = "-Onone";
			};
			name = Debug;
		};
		1462CED81C99F77E00105E8E /* Release */ = {
			isa = XCBuildConfiguration;
			buildSettings = {
				ALWAYS_SEARCH_USER_PATHS = NO;
				CLANG_ANALYZER_NONNULL = YES;
				CLANG_CXX_LANGUAGE_STANDARD = "gnu++0x";
				CLANG_CXX_LIBRARY = "libc++";
				CLANG_ENABLE_MODULES = YES;
				CLANG_ENABLE_OBJC_ARC = YES;
				CLANG_WARN_BOOL_CONVERSION = YES;
				CLANG_WARN_CONSTANT_CONVERSION = YES;
				CLANG_WARN_DIRECT_OBJC_ISA_USAGE = YES_ERROR;
				CLANG_WARN_EMPTY_BODY = YES;
				CLANG_WARN_ENUM_CONVERSION = YES;
				CLANG_WARN_INT_CONVERSION = YES;
				CLANG_WARN_OBJC_ROOT_CLASS = YES_ERROR;
				CLANG_WARN_UNREACHABLE_CODE = YES;
				CLANG_WARN__DUPLICATE_METHOD_MATCH = YES;
				"CODE_SIGN_IDENTITY[sdk=iphoneos*]" = "iPhone Developer";
				COPY_PHASE_STRIP = NO;
				DEBUG_INFORMATION_FORMAT = "dwarf-with-dsym";
				ENABLE_NS_ASSERTIONS = NO;
				ENABLE_STRICT_OBJC_MSGSEND = YES;
				GCC_C_LANGUAGE_STANDARD = gnu99;
				GCC_NO_COMMON_BLOCKS = YES;
				GCC_WARN_64_TO_32_BIT_CONVERSION = YES;
				GCC_WARN_ABOUT_RETURN_TYPE = YES_ERROR;
				GCC_WARN_UNDECLARED_SELECTOR = YES;
				GCC_WARN_UNINITIALIZED_AUTOS = YES_AGGRESSIVE;
				GCC_WARN_UNUSED_FUNCTION = YES;
				GCC_WARN_UNUSED_VARIABLE = YES;
				IPHONEOS_DEPLOYMENT_TARGET = 9.3;
				MTL_ENABLE_DEBUG_INFO = NO;
				SDKROOT = iphoneos;
				VALIDATE_PRODUCT = YES;
			};
			name = Release;
		};
		1462CEDA1C99F77E00105E8E /* Debug */ = {
			isa = XCBuildConfiguration;
			buildSettings = {
				ASSETCATALOG_COMPILER_APPICON_NAME = AppIcon;
				CODE_SIGN_IDENTITY = "iPhone Developer";
				INFOPLIST_FILE = "Task Manager/Info.plist";
				IPHONEOS_DEPLOYMENT_TARGET = 9.2;
				LD_RUNPATH_SEARCH_PATHS = "$(inherited) @executable_path/Frameworks";
				PRODUCT_BUNDLE_IDENTIFIER = "com.endava.taskmanager.Task-Manager";
				PRODUCT_NAME = "$(TARGET_NAME)";
			};
			name = Debug;
		};
		1462CEDB1C99F77E00105E8E /* Release */ = {
			isa = XCBuildConfiguration;
			buildSettings = {
				ASSETCATALOG_COMPILER_APPICON_NAME = AppIcon;
				CODE_SIGN_IDENTITY = "iPhone Developer";
				INFOPLIST_FILE = "Task Manager/Info.plist";
				IPHONEOS_DEPLOYMENT_TARGET = 9.2;
				LD_RUNPATH_SEARCH_PATHS = "$(inherited) @executable_path/Frameworks";
				PRODUCT_BUNDLE_IDENTIFIER = "com.endava.taskmanager.Task-Manager";
				PRODUCT_NAME = "$(TARGET_NAME)";
			};
			name = Release;
		};
/* End XCBuildConfiguration section */

/* Begin XCConfigurationList section */
		1462CEC21C99F77E00105E8E /* Build configuration list for PBXProject "Task Manager" */ = {
			isa = XCConfigurationList;
			buildConfigurations = (
				1462CED71C99F77E00105E8E /* Debug */,
				1462CED81C99F77E00105E8E /* Release */,
			);
			defaultConfigurationIsVisible = 0;
			defaultConfigurationName = Release;
		};
		1462CED91C99F77E00105E8E /* Build configuration list for PBXNativeTarget "Task Manager" */ = {
			isa = XCConfigurationList;
			buildConfigurations = (
				1462CEDA1C99F77E00105E8E /* Debug */,
				1462CEDB1C99F77E00105E8E /* Release */,
			);
			defaultConfigurationIsVisible = 0;
			defaultConfigurationName = Release;
		};
/* End XCConfigurationList section */
	};
	rootObject = 1462CEBF1C99F77E00105E8E /* Project object */;
}
